// !$*UTF8*$!
{
	archiveVersion = 1;
	classes = {
	};
	objectVersion = 50;
	objects = {

/* Begin PBXBuildFile section */
		5DCAFB0B35CA75CC1C879956 /* Pods_MaximumEnglishDataCreator.framework in Frameworks */ = {isa = PBXBuildFile; fileRef = F86D2BD375EA5B580FFE9853 /* Pods_MaximumEnglishDataCreator.framework */; };
		C472E6EC235C03340049763B /* CreateVC.swift in Sources */ = {isa = PBXBuildFile; fileRef = C472E6EB235C03340049763B /* CreateVC.swift */; };
		C493AAB2235B8438000F86F5 /* JSONManager.swift in Sources */ = {isa = PBXBuildFile; fileRef = C493AAB1235B8438000F86F5 /* JSONManager.swift */; };
		C493AAB6235B85BF000F86F5 /* Prefs.swift in Sources */ = {isa = PBXBuildFile; fileRef = C493AAB5235B85BF000F86F5 /* Prefs.swift */; };
		C493AAB8235B865F000F86F5 /* Extensions.swift in Sources */ = {isa = PBXBuildFile; fileRef = C493AAB7235B865F000F86F5 /* Extensions.swift */; };
		C493AABA235B86E4000F86F5 /* Alerts.swift in Sources */ = {isa = PBXBuildFile; fileRef = C493AAB9235B86E4000F86F5 /* Alerts.swift */; };
		C4A0BCB2235B5495000EA12F /* AppDelegate.swift in Sources */ = {isa = PBXBuildFile; fileRef = C4A0BCB1235B5495000EA12F /* AppDelegate.swift */; };
		C4A0BCB4235B5495000EA12F /* StartView.swift in Sources */ = {isa = PBXBuildFile; fileRef = C4A0BCB3235B5495000EA12F /* StartView.swift */; };
		C4A0BCB6235B5496000EA12F /* Assets.xcassets in Resources */ = {isa = PBXBuildFile; fileRef = C4A0BCB5235B5496000EA12F /* Assets.xcassets */; };
		C4A0BCB9235B5496000EA12F /* Main.storyboard in Resources */ = {isa = PBXBuildFile; fileRef = C4A0BCB7235B5496000EA12F /* Main.storyboard */; };
		C4A0BCC5235B55DF000EA12F /* FileDropView.swift in Sources */ = {isa = PBXBuildFile; fileRef = C4A0BCC2235B55D9000EA12F /* FileDropView.swift */; };
		C4A0BCC6235B55DF000EA12F /* MixDropView.swift in Sources */ = {isa = PBXBuildFile; fileRef = C4A0BCC3235B55D9000EA12F /* MixDropView.swift */; };
		C4A0BCC7235B55DF000EA12F /* DropView.swift in Sources */ = {isa = PBXBuildFile; fileRef = C4A0BCC4235B55D9000EA12F /* DropView.swift */; };
		FC53D45223780F980057FAE0 /* CustomTextCell.swift in Sources */ = {isa = PBXBuildFile; fileRef = FC53D45123780F980057FAE0 /* CustomTextCell.swift */; };
/* End PBXBuildFile section */

/* Begin PBXFileReference section */
		04B38E6DEC8DD1FD58FD4861 /* Pods-MaximumEnglishDataCreator.debug.xcconfig */ = {isa = PBXFileReference; includeInIndex = 1; lastKnownFileType = text.xcconfig; name = "Pods-MaximumEnglishDataCreator.debug.xcconfig"; path = "Target Support Files/Pods-MaximumEnglishDataCreator/Pods-MaximumEnglishDataCreator.debug.xcconfig"; sourceTree = "<group>"; };
		C472E6EB235C03340049763B /* CreateVC.swift */ = {isa = PBXFileReference; lastKnownFileType = sourcecode.swift; path = CreateVC.swift; sourceTree = "<group>"; };
		C493AAB1235B8438000F86F5 /* JSONManager.swift */ = {isa = PBXFileReference; lastKnownFileType = sourcecode.swift; path = JSONManager.swift; sourceTree = "<group>"; };
		C493AAB5235B85BF000F86F5 /* Prefs.swift */ = {isa = PBXFileReference; lastKnownFileType = sourcecode.swift; path = Prefs.swift; sourceTree = "<group>"; };
		C493AAB7235B865F000F86F5 /* Extensions.swift */ = {isa = PBXFileReference; lastKnownFileType = sourcecode.swift; path = Extensions.swift; sourceTree = "<group>"; };
		C493AAB9235B86E4000F86F5 /* Alerts.swift */ = {isa = PBXFileReference; lastKnownFileType = sourcecode.swift; path = Alerts.swift; sourceTree = "<group>"; };
		C4A0BCAE235B5495000EA12F /* MaximumEnglishDataCreator.app */ = {isa = PBXFileReference; explicitFileType = wrapper.application; includeInIndex = 0; path = MaximumEnglishDataCreator.app; sourceTree = BUILT_PRODUCTS_DIR; };
		C4A0BCB1235B5495000EA12F /* AppDelegate.swift */ = {isa = PBXFileReference; lastKnownFileType = sourcecode.swift; path = AppDelegate.swift; sourceTree = "<group>"; };
		C4A0BCB3235B5495000EA12F /* StartView.swift */ = {isa = PBXFileReference; lastKnownFileType = sourcecode.swift; path = StartView.swift; sourceTree = "<group>"; };
		C4A0BCB5235B5496000EA12F /* Assets.xcassets */ = {isa = PBXFileReference; lastKnownFileType = folder.assetcatalog; path = Assets.xcassets; sourceTree = "<group>"; };
		C4A0BCB8235B5496000EA12F /* Base */ = {isa = PBXFileReference; lastKnownFileType = file.storyboard; name = Base; path = Base.lproj/Main.storyboard; sourceTree = "<group>"; };
		C4A0BCBA235B5496000EA12F /* Info.plist */ = {isa = PBXFileReference; lastKnownFileType = text.plist.xml; path = Info.plist; sourceTree = "<group>"; };
		C4A0BCBB235B5496000EA12F /* MaximumEnglishDataCreator.entitlements */ = {isa = PBXFileReference; lastKnownFileType = text.plist.entitlements; path = MaximumEnglishDataCreator.entitlements; sourceTree = "<group>"; };
		C4A0BCC2235B55D9000EA12F /* FileDropView.swift */ = {isa = PBXFileReference; lastKnownFileType = sourcecode.swift; path = FileDropView.swift; sourceTree = "<group>"; };
		C4A0BCC3235B55D9000EA12F /* MixDropView.swift */ = {isa = PBXFileReference; lastKnownFileType = sourcecode.swift; path = MixDropView.swift; sourceTree = "<group>"; };
		C4A0BCC4235B55D9000EA12F /* DropView.swift */ = {isa = PBXFileReference; lastKnownFileType = sourcecode.swift; path = DropView.swift; sourceTree = "<group>"; };
		E6A8B718CEAE66A5A97C3E8E /* Pods-MaximumEnglishDataCreator.release.xcconfig */ = {isa = PBXFileReference; includeInIndex = 1; lastKnownFileType = text.xcconfig; name = "Pods-MaximumEnglishDataCreator.release.xcconfig"; path = "Target Support Files/Pods-MaximumEnglishDataCreator/Pods-MaximumEnglishDataCreator.release.xcconfig"; sourceTree = "<group>"; };
		F86D2BD375EA5B580FFE9853 /* Pods_MaximumEnglishDataCreator.framework */ = {isa = PBXFileReference; explicitFileType = wrapper.framework; includeInIndex = 0; path = Pods_MaximumEnglishDataCreator.framework; sourceTree = BUILT_PRODUCTS_DIR; };
		FC53D45123780F980057FAE0 /* CustomTextCell.swift */ = {isa = PBXFileReference; lastKnownFileType = sourcecode.swift; path = CustomTextCell.swift; sourceTree = "<group>"; };
/* End PBXFileReference section */

/* Begin PBXFrameworksBuildPhase section */
		C4A0BCAB235B5495000EA12F /* Frameworks */ = {
			isa = PBXFrameworksBuildPhase;
			buildActionMask = 2147483647;
			files = (
				5DCAFB0B35CA75CC1C879956 /* Pods_MaximumEnglishDataCreator.framework in Frameworks */,
			);
			runOnlyForDeploymentPostprocessing = 0;
		};
/* End PBXFrameworksBuildPhase section */

/* Begin PBXGroup section */
		C4A0BCA5235B5495000EA12F = {
			isa = PBXGroup;
			children = (
				C4A0BCB0235B5495000EA12F /* MaximumEnglishDataCreator */,
				C4A0BCAF235B5495000EA12F /* Products */,
				D44EEAD9270F31B11FC423D9 /* Pods */,
				D7C287607464B742CC4C3685 /* Frameworks */,
			);
			sourceTree = "<group>";
		};
		C4A0BCAF235B5495000EA12F /* Products */ = {
			isa = PBXGroup;
			children = (
				C4A0BCAE235B5495000EA12F /* MaximumEnglishDataCreator.app */,
			);
			name = Products;
			sourceTree = "<group>";
		};
		C4A0BCB0235B5495000EA12F /* MaximumEnglishDataCreator */ = {
			isa = PBXGroup;
			children = (
				C4A0BCB1235B5495000EA12F /* AppDelegate.swift */,
				C4A0BCB3235B5495000EA12F /* StartView.swift */,
				C472E6EB235C03340049763B /* CreateVC.swift */,
				C493AAB1235B8438000F86F5 /* JSONManager.swift */,
				FC53D45123780F980057FAE0 /* CustomTextCell.swift */,
				C493AAB7235B865F000F86F5 /* Extensions.swift */,
				C493AAB9235B86E4000F86F5 /* Alerts.swift */,
				C4A0BCC1235B55D9000EA12F /* DropView */,
				C4A0BCB5235B5496000EA12F /* Assets.xcassets */,
				C4A0BCB7235B5496000EA12F /* Main.storyboard */,
				C4A0BCBA235B5496000EA12F /* Info.plist */,
				C4A0BCBB235B5496000EA12F /* MaximumEnglishDataCreator.entitlements */,
				C493AAB5235B85BF000F86F5 /* Prefs.swift */,
			);
			path = MaximumEnglishDataCreator;
			sourceTree = "<group>";
		};
		C4A0BCC1235B55D9000EA12F /* DropView */ = {
			isa = PBXGroup;
			children = (
				C4A0BCC2235B55D9000EA12F /* FileDropView.swift */,
				C4A0BCC3235B55D9000EA12F /* MixDropView.swift */,
				C4A0BCC4235B55D9000EA12F /* DropView.swift */,
			);
			path = DropView;
			sourceTree = "<group>";
		};
		D44EEAD9270F31B11FC423D9 /* Pods */ = {
			isa = PBXGroup;
			children = (
				04B38E6DEC8DD1FD58FD4861 /* Pods-MaximumEnglishDataCreator.debug.xcconfig */,
				E6A8B718CEAE66A5A97C3E8E /* Pods-MaximumEnglishDataCreator.release.xcconfig */,
			);
			path = Pods;
			sourceTree = "<group>";
		};
		D7C287607464B742CC4C3685 /* Frameworks */ = {
			isa = PBXGroup;
			children = (
				F86D2BD375EA5B580FFE9853 /* Pods_MaximumEnglishDataCreator.framework */,
			);
			name = Frameworks;
			sourceTree = "<group>";
		};
/* End PBXGroup section */

/* Begin PBXNativeTarget section */
		C4A0BCAD235B5495000EA12F /* MaximumEnglishDataCreator */ = {
			isa = PBXNativeTarget;
			buildConfigurationList = C4A0BCBE235B5496000EA12F /* Build configuration list for PBXNativeTarget "MaximumEnglishDataCreator" */;
			buildPhases = (
				A7AB0045B70F61D42DED3FD2 /* [CP] Check Pods Manifest.lock */,
				C4A0BCAA235B5495000EA12F /* Sources */,
				C4A0BCAB235B5495000EA12F /* Frameworks */,
				C4A0BCAC235B5495000EA12F /* Resources */,
				D58FC0BA6A4A944CEA468FCB /* [CP] Embed Pods Frameworks */,
			);
			buildRules = (
			);
			dependencies = (
			);
			name = MaximumEnglishDataCreator;
			productName = MaximumEnglishDataCreator;
			productReference = C4A0BCAE235B5495000EA12F /* MaximumEnglishDataCreator.app */;
			productType = "com.apple.product-type.application";
		};
/* End PBXNativeTarget section */

/* Begin PBXProject section */
		C4A0BCA6235B5495000EA12F /* Project object */ = {
			isa = PBXProject;
			attributes = {
				LastSwiftUpdateCheck = 1020;
				LastUpgradeCheck = 1020;
				ORGANIZATIONNAME = "Dylan Southard";
				TargetAttributes = {
					C4A0BCAD235B5495000EA12F = {
						CreatedOnToolsVersion = 10.2.1;
						SystemCapabilities = {
							com.apple.Sandbox = {
								enabled = 0;
							};
						};
					};
				};
			};
			buildConfigurationList = C4A0BCA9235B5495000EA12F /* Build configuration list for PBXProject "MaximumEnglishDataCreator" */;
			compatibilityVersion = "Xcode 9.3";
			developmentRegion = en;
			hasScannedForEncodings = 0;
			knownRegions = (
				en,
				Base,
			);
			mainGroup = C4A0BCA5235B5495000EA12F;
			productRefGroup = C4A0BCAF235B5495000EA12F /* Products */;
			projectDirPath = "";
			projectRoot = "";
			targets = (
				C4A0BCAD235B5495000EA12F /* MaximumEnglishDataCreator */,
			);
		};
/* End PBXProject section */

/* Begin PBXResourcesBuildPhase section */
		C4A0BCAC235B5495000EA12F /* Resources */ = {
			isa = PBXResourcesBuildPhase;
			buildActionMask = 2147483647;
			files = (
				C4A0BCB6235B5496000EA12F /* Assets.xcassets in Resources */,
				C4A0BCB9235B5496000EA12F /* Main.storyboard in Resources */,
			);
			runOnlyForDeploymentPostprocessing = 0;
		};
/* End PBXResourcesBuildPhase section */

/* Begin PBXShellScriptBuildPhase section */
		A7AB0045B70F61D42DED3FD2 /* [CP] Check Pods Manifest.lock */ = {
			isa = PBXShellScriptBuildPhase;
			buildActionMask = 2147483647;
			files = (
			);
			inputFileListPaths = (
			);
			inputPaths = (
				"${PODS_PODFILE_DIR_PATH}/Podfile.lock",
				"${PODS_ROOT}/Manifest.lock",
			);
			name = "[CP] Check Pods Manifest.lock";
			outputFileListPaths = (
			);
			outputPaths = (
				"$(DERIVED_FILE_DIR)/Pods-MaximumEnglishDataCreator-checkManifestLockResult.txt",
			);
			runOnlyForDeploymentPostprocessing = 0;
			shellPath = /bin/sh;
			shellScript = "diff \"${PODS_PODFILE_DIR_PATH}/Podfile.lock\" \"${PODS_ROOT}/Manifest.lock\" > /dev/null\nif [ $? != 0 ] ; then\n    # print error to STDERR\n    echo \"error: The sandbox is not in sync with the Podfile.lock. Run 'pod install' or update your CocoaPods installation.\" >&2\n    exit 1\nfi\n# This output is used by Xcode 'outputs' to avoid re-running this script phase.\necho \"SUCCESS\" > \"${SCRIPT_OUTPUT_FILE_0}\"\n";
			showEnvVarsInLog = 0;
		};
		D58FC0BA6A4A944CEA468FCB /* [CP] Embed Pods Frameworks */ = {
			isa = PBXShellScriptBuildPhase;
			buildActionMask = 2147483647;
			files = (
			);
			inputFileListPaths = (
				"${PODS_ROOT}/Target Support Files/Pods-MaximumEnglishDataCreator/Pods-MaximumEnglishDataCreator-frameworks-${CONFIGURATION}-input-files.xcfilelist",
			);
			name = "[CP] Embed Pods Frameworks";
			outputFileListPaths = (
				"${PODS_ROOT}/Target Support Files/Pods-MaximumEnglishDataCreator/Pods-MaximumEnglishDataCreator-frameworks-${CONFIGURATION}-output-files.xcfilelist",
			);
			runOnlyForDeploymentPostprocessing = 0;
			shellPath = /bin/sh;
			shellScript = "\"${PODS_ROOT}/Target Support Files/Pods-MaximumEnglishDataCreator/Pods-MaximumEnglishDataCreator-frameworks.sh\"\n";
			showEnvVarsInLog = 0;
		};
/* End PBXShellScriptBuildPhase section */

/* Begin PBXSourcesBuildPhase section */
		C4A0BCAA235B5495000EA12F /* Sources */ = {
			isa = PBXSourcesBuildPhase;
			buildActionMask = 2147483647;
			files = (
				C493AAB6235B85BF000F86F5 /* Prefs.swift in Sources */,
				C4A0BCB4235B5495000EA12F /* StartView.swift in Sources */,
				C472E6EC235C03340049763B /* CreateVC.swift in Sources */,
				C4A0BCB2235B5495000EA12F /* AppDelegate.swift in Sources */,
				C493AAB8235B865F000F86F5 /* Extensions.swift in Sources */,
				FC53D45223780F980057FAE0 /* CustomTextCell.swift in Sources */,
				C4A0BCC6235B55DF000EA12F /* MixDropView.swift in Sources */,
				C4A0BCC5235B55DF000EA12F /* FileDropView.swift in Sources */,
				C4A0BCC7235B55DF000EA12F /* DropView.swift in Sources */,
				C493AABA235B86E4000F86F5 /* Alerts.swift in Sources */,
				C493AAB2235B8438000F86F5 /* JSONManager.swift in Sources */,
			);
			runOnlyForDeploymentPostprocessing = 0;
		};
/* End PBXSourcesBuildPhase section */

/* Begin PBXVariantGroup section */
		C4A0BCB7235B5496000EA12F /* Main.storyboard */ = {
			isa = PBXVariantGroup;
			children = (
				C4A0BCB8235B5496000EA12F /* Base */,
			);
			name = Main.storyboard;
			sourceTree = "<group>";
		};
/* End PBXVariantGroup section */

/* Begin XCBuildConfiguration section */
		C4A0BCBC235B5496000EA12F /* Debug */ = {
			isa = XCBuildConfiguration;
			buildSettings = {
				ALWAYS_SEARCH_USER_PATHS = NO;
				CLANG_ANALYZER_NONNULL = YES;
				CLANG_ANALYZER_NUMBER_OBJECT_CONVERSION = YES_AGGRESSIVE;
				CLANG_CXX_LANGUAGE_STANDARD = "gnu++14";
				CLANG_CXX_LIBRARY = "libc++";
				CLANG_ENABLE_MODULES = YES;
				CLANG_ENABLE_OBJC_ARC = YES;
				CLANG_ENABLE_OBJC_WEAK = YES;
				CLANG_WARN_BLOCK_CAPTURE_AUTORELEASING = YES;
				CLANG_WARN_BOOL_CONVERSION = YES;
				CLANG_WARN_COMMA = YES;
				CLANG_WARN_CONSTANT_CONVERSION = YES;
				CLANG_WARN_DEPRECATED_OBJC_IMPLEMENTATIONS = YES;
				CLANG_WARN_DIRECT_OBJC_ISA_USAGE = YES_ERROR;
				CLANG_WARN_DOCUMENTATION_COMMENTS = YES;
				CLANG_WARN_EMPTY_BODY = YES;
				CLANG_WARN_ENUM_CONVERSION = YES;
				CLANG_WARN_INFINITE_RECURSION = YES;
				CLANG_WARN_INT_CONVERSION = YES;
				CLANG_WARN_NON_LITERAL_NULL_CONVERSION = YES;
				CLANG_WARN_OBJC_IMPLICIT_RETAIN_SELF = YES;
				CLANG_WARN_OBJC_LITERAL_CONVERSION = YES;
				CLANG_WARN_OBJC_ROOT_CLASS = YES_ERROR;
				CLANG_WARN_RANGE_LOOP_ANALYSIS = YES;
				CLANG_WARN_STRICT_PROTOTYPES = YES;
				CLANG_WARN_SUSPICIOUS_MOVE = YES;
				CLANG_WARN_UNGUARDED_AVAILABILITY = YES_AGGRESSIVE;
				CLANG_WARN_UNREACHABLE_CODE = YES;
				CLANG_WARN__DUPLICATE_METHOD_MATCH = YES;
				CODE_SIGN_IDENTITY = "Mac Developer";
				COPY_PHASE_STRIP = NO;
				DEBUG_INFORMATION_FORMAT = dwarf;
				ENABLE_STRICT_OBJC_MSGSEND = YES;
				ENABLE_TESTABILITY = YES;
				GCC_C_LANGUAGE_STANDARD = gnu11;
				GCC_DYNAMIC_NO_PIC = NO;
				GCC_NO_COMMON_BLOCKS = YES;
				GCC_OPTIMIZATION_LEVEL = 0;
				GCC_PREPROCESSOR_DEFINITIONS = (
					"DEBUG=1",
					"$(inherited)",
				);
				GCC_WARN_64_TO_32_BIT_CONVERSION = YES;
				GCC_WARN_ABOUT_RETURN_TYPE = YES_ERROR;
				GCC_WARN_UNDECLARED_SELECTOR = YES;
				GCC_WARN_UNINITIALIZED_AUTOS = YES_AGGRESSIVE;
				GCC_WARN_UNUSED_FUNCTION = YES;
				GCC_WARN_UNUSED_VARIABLE = YES;
				MACOSX_DEPLOYMENT_TARGET = 10.14;
				MTL_ENABLE_DEBUG_INFO = INCLUDE_SOURCE;
				MTL_FAST_MATH = YES;
				ONLY_ACTIVE_ARCH = YES;
				SDKROOT = macosx;
				SWIFT_ACTIVE_COMPILATION_CONDITIONS = DEBUG;
				SWIFT_OPTIMIZATION_LEVEL = "-Onone";
			};
			name = Debug;
		};
		C4A0BCBD235B5496000EA12F /* Release */ = {
			isa = XCBuildConfiguration;
			buildSettings = {
				ALWAYS_SEARCH_USER_PATHS = NO;
				CLANG_ANALYZER_NONNULL = YES;
				CLANG_ANALYZER_NUMBER_OBJECT_CONVERSION = YES_AGGRESSIVE;
				CLANG_CXX_LANGUAGE_STANDARD = "gnu++14";
				CLANG_CXX_LIBRARY = "libc++";
				CLANG_ENABLE_MODULES = YES;
				CLANG_ENABLE_OBJC_ARC = YES;
				CLANG_ENABLE_OBJC_WEAK = YES;
				CLANG_WARN_BLOCK_CAPTURE_AUTORELEASING = YES;
				CLANG_WARN_BOOL_CONVERSION = YES;
				CLANG_WARN_COMMA = YES;
				CLANG_WARN_CONSTANT_CONVERSION = YES;
				CLANG_WARN_DEPRECATED_OBJC_IMPLEMENTATIONS = YES;
				CLANG_WARN_DIRECT_OBJC_ISA_USAGE = YES_ERROR;
				CLANG_WARN_DOCUMENTATION_COMMENTS = YES;
				CLANG_WARN_EMPTY_BODY = YES;
				CLANG_WARN_ENUM_CONVERSION = YES;
				CLANG_WARN_INFINITE_RECURSION = YES;
				CLANG_WARN_INT_CONVERSION = YES;
				CLANG_WARN_NON_LITERAL_NULL_CONVERSION = YES;
				CLANG_WARN_OBJC_IMPLICIT_RETAIN_SELF = YES;
				CLANG_WARN_OBJC_LITERAL_CONVERSION = YES;
				CLANG_WARN_OBJC_ROOT_CLASS = YES_ERROR;
				CLANG_WARN_RANGE_LOOP_ANALYSIS = YES;
				CLANG_WARN_STRICT_PROTOTYPES = YES;
				CLANG_WARN_SUSPICIOUS_MOVE = YES;
				CLANG_WARN_UNGUARDED_AVAILABILITY = YES_AGGRESSIVE;
				CLANG_WARN_UNREACHABLE_CODE = YES;
				CLANG_WARN__DUPLICATE_METHOD_MATCH = YES;
				CODE_SIGN_IDENTITY = "Mac Developer";
				COPY_PHASE_STRIP = NO;
				DEBUG_INFORMATION_FORMAT = "dwarf-with-dsym";
				ENABLE_NS_ASSERTIONS = NO;
				ENABLE_STRICT_OBJC_MSGSEND = YES;
				GCC_C_LANGUAGE_STANDARD = gnu11;
				GCC_NO_COMMON_BLOCKS = YES;
				GCC_WARN_64_TO_32_BIT_CONVERSION = YES;
				GCC_WARN_ABOUT_RETURN_TYPE = YES_ERROR;
				GCC_WARN_UNDECLARED_SELECTOR = YES;
				GCC_WARN_UNINITIALIZED_AUTOS = YES_AGGRESSIVE;
				GCC_WARN_UNUSED_FUNCTION = YES;
				GCC_WARN_UNUSED_VARIABLE = YES;
				MACOSX_DEPLOYMENT_TARGET = 10.14;
				MTL_ENABLE_DEBUG_INFO = NO;
				MTL_FAST_MATH = YES;
				SDKROOT = macosx;
				SWIFT_COMPILATION_MODE = wholemodule;
				SWIFT_OPTIMIZATION_LEVEL = "-O";
			};
			name = Release;
		};
		C4A0BCBF235B5496000EA12F /* Debug */ = {
			isa = XCBuildConfiguration;
			baseConfigurationReference = 04B38E6DEC8DD1FD58FD4861 /* Pods-MaximumEnglishDataCreator.debug.xcconfig */;
			buildSettings = {
				ASSETCATALOG_COMPILER_APPICON_NAME = AppIcon;
				CODE_SIGN_STYLE = Automatic;
				COMBINE_HIDPI_IMAGES = YES;
				DEVELOPMENT_TEAM = P8SN332T55;
				INFOPLIST_FILE = MaximumEnglishDataCreator/Info.plist;
				LD_RUNPATH_SEARCH_PATHS = (
					"$(inherited)",
					"@executable_path/../Frameworks",
				);
				PRODUCT_BUNDLE_IDENTIFIER = com.zhurbey.com.MaximumEnglishDataCreator;
				PRODUCT_NAME = "$(TARGET_NAME)";
				SWIFT_VERSION = 5.0;
			};
			name = Debug;
		};
		C4A0BCC0235B5496000EA12F /* Release */ = {
			isa = XCBuildConfiguration;
			baseConfigurationReference = E6A8B718CEAE66A5A97C3E8E /* Pods-MaximumEnglishDataCreator.release.xcconfig */;
			buildSettings = {
				ASSETCATALOG_COMPILER_APPICON_NAME = AppIcon;
				CODE_SIGN_STYLE = Automatic;
				COMBINE_HIDPI_IMAGES = YES;
				DEVELOPMENT_TEAM = UQ3BB547F3;
				INFOPLIST_FILE = MaximumEnglishDataCreator/Info.plist;
				LD_RUNPATH_SEARCH_PATHS = (
					"$(inherited)",
					"@executable_path/../Frameworks",
				);
				PRODUCT_BUNDLE_IDENTIFIER = com.ihounokyaku.com.MaximumEnglishDataCreator;
				PRODUCT_NAME = "$(TARGET_NAME)";
				SWIFT_VERSION = 5.0;
			};
			name = Release;
		};
/* End XCBuildConfiguration section */

/* Begin XCConfigurationList section */
		C4A0BCA9235B5495000EA12F /* Build configuration list for PBXProject "MaximumEnglishDataCreator" */ = {
			isa = XCConfigurationList;
			buildConfigurations = (
				C4A0BCBC235B5496000EA12F /* Debug */,
				C4A0BCBD235B5496000EA12F /* Release */,
			);
			defaultConfigurationIsVisible = 0;
			defaultConfigurationName = Release;
		};
		C4A0BCBE235B5496000EA12F /* Build configuration list for PBXNativeTarget "MaximumEnglishDataCreator" */ = {
			isa = XCConfigurationList;
			buildConfigurations = (
				C4A0BCBF235B5496000EA12F /* Debug */,
				C4A0BCC0235B5496000EA12F /* Release */,
			);
			defaultConfigurationIsVisible = 0;
			defaultConfigurationName = Release;
		};
/* End XCConfigurationList section */
	};
	rootObject = C4A0BCA6235B5495000EA12F /* Project object */;
}
